{
  "requires": true,
  "lockfileVersion": 1,
  "dependencies": {
    "muicss": {
      "version": "0.10.3",
      "resolved": "https://registry.npmjs.org/muicss/-/muicss-0.10.3.tgz",
      "integrity": "sha512-CuVrxnns64RZogHhrAxpMw2BF74Mably9KGUwk5LxHkG1yXUGArf8ZWP8jYd1ueNplqIwgrRdkau8GgrmXTMUQ==",
      "requires": {
        "react-addons-shallow-compare": "^15.6.2"
      }
    },
    "object-assign": {
      "version": "4.1.1",
      "resolved": "https://registry.npmjs.org/object-assign/-/object-assign-4.1.1.tgz",
      "integrity": "sha1-IQmtx5ZYh8/AXLvUQsrIv7s2CGM="
    },
    "react-addons-shallow-compare": {
      "version": "15.6.3",
      "resolved": "https://registry.npmjs.org/react-addons-shallow-compare/-/react-addons-shallow-compare-15.6.3.tgz",
      "integrity": "sha512-EDJbgKTtGRLhr3wiGDXK/+AEJ59yqGS+tKE6mue0aNXT6ZMR7VJbbzIiT6akotmHg1BLj46ElJSb+NBMp80XBg==",
      "requires": {
        "object-assign": "^4.1.0"
      }
    }
  }
}
